lockfileVersion: 5.4

specifiers:
  esbuild: ^0.17.7
  esbuild-style-plugin: ^1.6.1
  lightningcss: ^1.18.0

dependencies:
  esbuild-style-plugin: 1.6.1
  lightningcss: 1.18.0

devDependencies:
  esbuild: 0.17.7

packages:

  /@esbuild/android-arm/0.17.7:
    resolution: {integrity: sha512-Np6Lg8VUiuzHP5XvHU7zfSVPN4ILdiOhxA1GQ1uvCK2T2l3nI8igQV0c9FJx4hTkq8WGqhGEvn5UuRH8jMkExg==}
    engines: {node: '>=12'}
    cpu: [arm]
    os: [android]
    requiresBuild: true
    dev: true
    optional: true

  /@esbuild/android-arm64/0.17.7:
    resolution: {integrity: sha512-fOUBZvcbtbQJIj2K/LMKcjULGfXLV9R4qjXFsi3UuqFhIRJHz0Fp6kFjsMFI6vLuPrfC5G9Dmh+3RZOrSKY2Lg==}
    engines: {node: '>=12'}
    cpu: [arm64]
    os: [android]
    requiresBuild: true
    dev: true
    optional: true

  /@esbuild/android-x64/0.17.7:
    resolution: {integrity: sha512-6YILpPvop1rPAvaO/n2iWQL45RyTVTR/1SK7P6Xi2fyu+hpEeX22fE2U2oJd1sfpovUJOWTRdugjddX6QCup3A==}
    engines: {node: '>=12'}
    cpu: [x64]
    os: [android]
    requiresBuild: true
    dev: true
    optional: true

  /@esbuild/darwin-arm64/0.17.7:
    resolution: {integrity: sha512-7i0gfFsDt1BBiurZz5oZIpzfxqy5QkJmhXdtrf2Hma/gI9vL2AqxHhRBoI1NeWc9IhN1qOzWZrslhiXZweMSFg==}
    engines: {node: '>=12'}
    cpu: [arm64]
    os: [darwin]
    requiresBuild: true
    dev: true
    optional: true

  /@esbuild/darwin-x64/0.17.7:
    resolution: {integrity: sha512-hRvIu3vuVIcv4SJXEKOHVsNssM5tLE2xWdb9ZyJqsgYp+onRa5El3VJ4+WjTbkf/A2FD5wuMIbO2FCTV39LE0w==}
    engines: {node: '>=12'}
    cpu: [x64]
    os: [darwin]
    requiresBuild: true
    dev: true
    optional: true

  /@esbuild/freebsd-arm64/0.17.7:
    resolution: {integrity: sha512-2NJjeQ9kiabJkVXLM3sHkySqkL1KY8BeyLams3ITyiLW10IwDL0msU5Lq1cULCn9zNxt1Seh1I6QrqyHUvOtQw==}
    engines: {node: '>=12'}
    cpu: [arm64]
    os: [freebsd]
    requiresBuild: true
    dev: true
    optional: true

  /@esbuild/freebsd-x64/0.17.7:
    resolution: {integrity: sha512-8kSxlbjuLYMoIgvRxPybirHJeW45dflyIgHVs+jzMYJf87QOay1ZUTzKjNL3vqHQjmkSn8p6KDfHVrztn7Rprw==}
    engines: {node: '>=12'}
    cpu: [x64]
    os: [freebsd]
    requiresBuild: true
    dev: true
    optional: true

  /@esbuild/linux-arm/0.17.7:
    resolution: {integrity: sha512-07RsAAzznWqdfJC+h3L2UVWwnUHepsFw5GmzySnUspHHb7glJ1+47rvlcH0SeUtoVOs8hF4/THgZbtJRyALaJA==}
    engines: {node: '>=12'}
    cpu: [arm]
    os: [linux]
    requiresBuild: true
    dev: true
    optional: true

  /@esbuild/linux-arm64/0.17.7:
    resolution: {integrity: sha512-43Bbhq3Ia/mGFTCRA4NlY8VRH3dLQltJ4cqzhSfq+cdvdm9nKJXVh4NUkJvdZgEZIkf/ufeMmJ0/22v9btXTcw==}
    engines: {node: '>=12'}
    cpu: [arm64]
    os: [linux]
    requiresBuild: true
    dev: true
    optional: true

  /@esbuild/linux-ia32/0.17.7:
    resolution: {integrity: sha512-ViYkfcfnbwOoTS7xE4DvYFv7QOlW8kPBuccc4erJ0jx2mXDPR7e0lYOH9JelotS9qe8uJ0s2i3UjUvjunEp53A==}
    engines: {node: '>=12'}
    cpu: [ia32]
    os: [linux]
    requiresBuild: true
    dev: true
    optional: true

  /@esbuild/linux-loong64/0.17.7:
    resolution: {integrity: sha512-H1g+AwwcqYQ/Hl/sMcopRcNLY/fysIb/ksDfCa3/kOaHQNhBrLeDYw+88VAFV5U6oJL9GqnmUj72m9Nv3th3hA==}
    engines: {node: '>=12'}
    cpu: [loong64]
    os: [linux]
    requiresBuild: true
    dev: true
    optional: true

  /@esbuild/linux-mips64el/0.17.7:
    resolution: {integrity: sha512-MDLGrVbTGYtmldlbcxfeDPdhxttUmWoX3ovk9u6jc8iM+ueBAFlaXKuUMCoyP/zfOJb+KElB61eSdBPSvNcCEg==}
    engines: {node: '>=12'}
    cpu: [mips64el]
    os: [linux]
    requiresBuild: true
    dev: true
    optional: true

  /@esbuild/linux-ppc64/0.17.7:
    resolution: {integrity: sha512-UWtLhRPKzI+v2bKk4j9rBpGyXbLAXLCOeqt1tLVAt1mfagHpFjUzzIHCpPiUfY3x1xY5e45/+BWzGpqqvSglNw==}
    engines: {node: '>=12'}
    cpu: [ppc64]
    os: [linux]
    requiresBuild: true
    dev: true
    optional: true

  /@esbuild/linux-riscv64/0.17.7:
    resolution: {integrity: sha512-3C/RTKqZauUwBYtIQAv7ELTJd+H2dNKPyzwE2ZTbz2RNrNhNHRoeKnG5C++eM6nSZWUCLyyaWfq1v1YRwBS/+A==}
    engines: {node: '>=12'}
    cpu: [riscv64]
    os: [linux]
    requiresBuild: true
    dev: true
    optional: true

  /@esbuild/linux-s390x/0.17.7:
    resolution: {integrity: sha512-x7cuRSCm998KFZqGEtSo8rI5hXLxWji4znZkBhg2FPF8A8lxLLCsSXe2P5utf0RBQflb3K97dkEH/BJwTqrbDw==}
    engines: {node: '>=12'}
    cpu: [s390x]
    os: [linux]
    requiresBuild: true
    dev: true
    optional: true

  /@esbuild/linux-x64/0.17.7:
    resolution: {integrity: sha512-1Z2BtWgM0Wc92WWiZR5kZ5eC+IetI++X+nf9NMbUvVymt74fnQqwgM5btlTW7P5uCHfq03u5MWHjIZa4o+TnXQ==}
    engines: {node: '>=12'}
    cpu: [x64]
    os: [linux]
    requiresBuild: true
    dev: true
    optional: true

  /@esbuild/netbsd-x64/0.17.7:
    resolution: {integrity: sha512-//VShPN4hgbmkDjYNCZermIhj8ORqoPNmAnwSPqPtBB0xOpHrXMlJhsqLNsgoBm0zi/5tmy//WyL6g81Uq2c6Q==}
    engines: {node: '>=12'}
    cpu: [x64]
    os: [netbsd]
    requiresBuild: true
    dev: true
    optional: true

  /@esbuild/openbsd-x64/0.17.7:
    resolution: {integrity: sha512-IQ8BliXHiOsbQEOHzc7mVLIw2UYPpbOXJQ9cK1nClNYQjZthvfiA6rWZMz4BZpVzHZJ+/H2H23cZwRJ1NPYOGg==}
    engines: {node: '>=12'}
    cpu: [x64]
    os: [openbsd]
    requiresBuild: true
    dev: true
    optional: true

  /@esbuild/sunos-x64/0.17.7:
    resolution: {integrity: sha512-phO5HvU3SyURmcW6dfQXX4UEkFREUwaoiTgi1xH+CAFKPGsrcG6oDp1U70yQf5lxRKujoSCEIoBr0uFykJzN2g==}
    engines: {node: '>=12'}
    cpu: [x64]
    os: [sunos]
    requiresBuild: true
    dev: true
    optional: true

  /@esbuild/win32-arm64/0.17.7:
    resolution: {integrity: sha512-G/cRKlYrwp1B0uvzEdnFPJ3A6zSWjnsRrWivsEW0IEHZk+czv0Bmiwa51RncruHLjQ4fGsvlYPmCmwzmutPzHA==}
    engines: {node: '>=12'}
    cpu: [arm64]
    os: [win32]
    requiresBuild: true
    dev: true
    optional: true

  /@esbuild/win32-ia32/0.17.7:
    resolution: {integrity: sha512-/yMNVlMew07NrOflJdRAZcMdUoYTOCPbCHx0eHtg55l87wXeuhvYOPBQy5HLX31Ku+W2XsBD5HnjUjEUsTXJug==}
    engines: {node: '>=12'}
    cpu: [ia32]
    os: [win32]
    requiresBuild: true
    dev: true
    optional: true

  /@esbuild/win32-x64/0.17.7:
    resolution: {integrity: sha512-K9/YybM6WZO71x73Iyab6mwieHtHjm9hrPR/a9FBPZmFO3w+fJaM2uu2rt3JYf/rZR24MFwTliI8VSoKKOtYtg==}
    engines: {node: '>=12'}
    cpu: [x64]
    os: [win32]
    requiresBuild: true
    dev: true
    optional: true

  /@types/less/3.0.3:
    resolution: {integrity: sha512-1YXyYH83h6We1djyoUEqTlVyQtCfJAFXELSKW2ZRtjHD4hQ82CC4lvrv5D0l0FLcKBaiPbXyi3MpMsI9ZRgKsw==}
    dev: false

  /@types/node/18.13.0:
    resolution: {integrity: sha512-gC3TazRzGoOnoKAhUx+Q0t8S9Tzs74z7m0ipwGpSqQrleP14hKxP4/JUeEQcD3W1/aIpnWl8pHowI7WokuZpXg==}
    dev: false

  /@types/sass/1.43.1:
    resolution: {integrity: sha512-BPdoIt1lfJ6B7rw35ncdwBZrAssjcwzI5LByIrYs+tpXlj/CAkuVdRsgZDdP4lq5EjyWzwxZCqAoFyHKFwp32g==}
    dependencies:
      '@types/node': 18.13.0
    dev: false

  /@types/stylus/0.48.38:
    resolution: {integrity: sha512-B5otJekvD6XM8iTrnO6e2twoTY2tKL9VkL/57/2Lo4tv3EatbCaufdi68VVtn/h4yjO+HVvYEyrNQd0Lzj6riw==}
    dependencies:
      '@types/node': 18.13.0
    dev: false

  /balanced-match/1.0.2:
    resolution: {integrity: sha512-3oSeUO0TMV67hN1AmbXsK4yaqU7tjiHlbxRDZOpH0KW9+CeX4bRAaX0Anxt0tx2MrpRpWwQaPwIlISEJhYU5Pw==}
    dev: false

  /brace-expansion/2.0.1:
    resolution: {integrity: sha512-XnAIvQ8eM+kC6aULx6wuQiwVsnzsi9d3WxzV3FpWTGA19F621kwdbsAcFKXgKUHZWsy+mY6iL1sHTxWEFCytDA==}
    dependencies:
      balanced-match: 1.0.2
    dev: false

  /cssesc/3.0.0:
    resolution: {integrity: sha512-/Tb/JcjK111nNScGob5MNtsntNM1aCNUDipB/TkwZFhyDrrE47SOx/18wF2bbjgc3ZzCSKW1T5nt5EbFoAz/Vg==}
    engines: {node: '>=4'}
    hasBin: true
    dev: false

  /detect-libc/1.0.3:
    resolution: {integrity: sha512-pGjwhsmsp4kL2RTz08wcOlGN83otlqHeD/Z5T8GXZB+/YcpQ/dgo+lbU8ZsGxV0HIvqqxo9l7mqYwyYMD9bKDg==}
    engines: {node: '>=0.10'}
    hasBin: true
    dev: false

  /esbuild-style-plugin/1.6.1:
    resolution: {integrity: sha512-t5ZtQyGKNiM8DLedz+iwFH0LPWLnMmaEQ2RnnP1ppFHq35najxqJHAhUVVSbTFm5cR2ZumGdBMqnmuKBRBMvDw==}
    dependencies:
      '@types/less': 3.0.3
      '@types/sass': 1.43.1
      '@types/stylus': 0.48.38
      glob: 8.1.0
      postcss: 8.4.21
      postcss-modules: 4.3.1_postcss@8.4.21
    dev: false

  /esbuild/0.17.7:
    resolution: {integrity: sha512-+5hHlrK108fT6C6/40juy0w4DYKtyZ5NjfBlTccBdsFutR7WBxpIY633JzZJewdsCy8xWA/u2z0MSniIJwufYg==}
    engines: {node: '>=12'}
    hasBin: true
    requiresBuild: true
    optionalDependencies:
      '@esbuild/android-arm': 0.17.7
      '@esbuild/android-arm64': 0.17.7
      '@esbuild/android-x64': 0.17.7
      '@esbuild/darwin-arm64': 0.17.7
      '@esbuild/darwin-x64': 0.17.7
      '@esbuild/freebsd-arm64': 0.17.7
      '@esbuild/freebsd-x64': 0.17.7
      '@esbuild/linux-arm': 0.17.7
      '@esbuild/linux-arm64': 0.17.7
      '@esbuild/linux-ia32': 0.17.7
      '@esbuild/linux-loong64': 0.17.7
      '@esbuild/linux-mips64el': 0.17.7
      '@esbuild/linux-ppc64': 0.17.7
      '@esbuild/linux-riscv64': 0.17.7
      '@esbuild/linux-s390x': 0.17.7
      '@esbuild/linux-x64': 0.17.7
      '@esbuild/netbsd-x64': 0.17.7
      '@esbuild/openbsd-x64': 0.17.7
      '@esbuild/sunos-x64': 0.17.7
      '@esbuild/win32-arm64': 0.17.7
      '@esbuild/win32-ia32': 0.17.7
      '@esbuild/win32-x64': 0.17.7
    dev: true

  /fs.realpath/1.0.0:
    resolution: {integrity: sha512-OO0pH2lK6a0hZnAdau5ItzHPI6pUlvI7jMVnxUQRtw4owF2wk8lOSabtGDCTP4Ggrg2MbGnWO9X8K1t4+fGMDw==}
    dev: false

  /generic-names/4.0.0:
    resolution: {integrity: sha512-ySFolZQfw9FoDb3ed9d80Cm9f0+r7qj+HJkWjeD9RBfpxEVTlVhol+gvaQB/78WbwYfbnNh8nWHHBSlg072y6A==}
    dependencies:
      loader-utils: 3.2.1
    dev: false

  /glob/8.1.0:
    resolution: {integrity: sha512-r8hpEjiQEYlF2QU0df3dS+nxxSIreXQS1qRhMJM0Q5NDdR386C7jb7Hwwod8Fgiuex+k0GFjgft18yvxm5XoCQ==}
    engines: {node: '>=12'}
    dependencies:
      fs.realpath: 1.0.0
      inflight: 1.0.6
      inherits: 2.0.4
      minimatch: 5.1.6
      once: 1.4.0
    dev: false

  /icss-replace-symbols/1.1.0:
    resolution: {integrity: sha512-chIaY3Vh2mh2Q3RGXttaDIzeiPvaVXJ+C4DAh/w3c37SKZ/U6PGMmuicR2EQQp9bKG8zLMCl7I+PtIoOOPp8Gg==}
    dev: false

  /icss-utils/5.1.0_postcss@8.4.21:
    resolution: {integrity: sha512-soFhflCVWLfRNOPU3iv5Z9VUdT44xFRbzjLsEzSr5AQmgqPMTHdU3PMT1Cf1ssx8fLNJDA1juftYl+PUcv3MqA==}
    engines: {node: ^10 || ^12 || >= 14}
    peerDependencies:
      postcss: ^8.1.0
    dependencies:
      postcss: 8.4.21
    dev: false

  /inflight/1.0.6:
    resolution: {integrity: sha512-k92I/b08q4wvFscXCLvqfsHCrjrF7yiXsQuIVvVE7N82W3+aqpzuUdBbfhWcy/FZR3/4IgflMgKLOsvPDrGCJA==}
    dependencies:
      once: 1.4.0
      wrappy: 1.0.2
    dev: false

  /inherits/2.0.4:
    resolution: {integrity: sha512-k/vGaX4/Yla3WzyMCvTQOXYeIHvqOKtnqBduzTHpzpQZzAskKMhZ2K+EnBiSM9zGSoIFeMpXKxa4dYeZIQqewQ==}
    dev: false

  /lightningcss-darwin-arm64/1.18.0:
    resolution: {integrity: sha512-OqjydwtiNPgdH1ByIjA1YzqvDG/OMR6L3LPN6wRl1729LB0y4Mik7L06kmZaTb+pvUHr+NmDd2KCwnlrQ4zO3w==}
    engines: {node: '>= 12.0.0'}
    cpu: [arm64]
    os: [darwin]
    requiresBuild: true
    dev: false
    optional: true

  /lightningcss-darwin-x64/1.18.0:
    resolution: {integrity: sha512-mNiuPHj89/JHZmJMp+5H8EZSt6EL5DZRWJ31O6k3DrLLnRIQjXuXdDdN8kP7LoIkeWI5xvyD60CsReJm+YWYAw==}
    engines: {node: '>= 12.0.0'}
    cpu: [x64]
    os: [darwin]
    requiresBuild: true
    dev: false
    optional: true

  /lightningcss-linux-arm-gnueabihf/1.18.0:
    resolution: {integrity: sha512-S+25JjI6601HiAVoTDXW6SqH+E94a+FHA7WQqseyNHunOgVWKcAkNEc2LJvVxgwTq6z41sDIb9/M3Z9wa9lk4A==}
    engines: {node: '>= 12.0.0'}
    cpu: [arm]
    os: [linux]
    requiresBuild: true
    dev: false
    optional: true

  /lightningcss-linux-arm64-gnu/1.18.0:
    resolution: {integrity: sha512-JSqh4+21dCgBecIQUet35dtE4PhhSEMyqe3y0ZNQrAJQ5kyUPSQHiw81WXnPJcOSTTpG0TyMLiC8K//+BsFGQA==}
    engines: {node: '>= 12.0.0'}
    cpu: [arm64]
    os: [linux]
    requiresBuild: true
    dev: false
    optional: true

  /lightningcss-linux-arm64-musl/1.18.0:
    resolution: {integrity: sha512-2FWHa8iUhShnZnqhn2wfIcK5adJat9hAAaX7etNsoXJymlliDIOFuBQEsba2KBAZSM4QqfQtvRdR7m8i0I7ybQ==}
    engines: {node: '>= 12.0.0'}
    cpu: [arm64]
    os: [linux]
    requiresBuild: true
    dev: false
    optional: true

  /lightningcss-linux-x64-gnu/1.18.0:
    resolution: {integrity: sha512-plCPGQJtDZHcLVKVRLnQVF2XRsIC32WvuJhQ7fJ7F6BV98b/VZX0OlX05qUaOESD9dCDHjYSfxsgcvOKgCWh7A==}
    engines: {node: '>= 12.0.0'}
    cpu: [x64]
    os: [linux]
    requiresBuild: true
    dev: false
    optional: true

  /lightningcss-linux-x64-musl/1.18.0:
    resolution: {integrity: sha512-na+BGtVU6fpZvOHKhnlA0XHeibkT3/46nj6vLluG3kzdJYoBKU6dIl7DSOk++8jv4ybZyFJ0aOFMMSc8g2h58A==}
    engines: {node: '>= 12.0.0'}
    cpu: [x64]
    os: [linux]
    requiresBuild: true
    dev: false
    optional: true

  /lightningcss-win32-x64-msvc/1.18.0:
    resolution: {integrity: sha512-5qeAH4RMNy2yMNEl7e5TI6upt/7xD2ZpHWH4RkT8iJ7/6POS5mjHbXWUO9Q1hhDhqkdzGa76uAdMzEouIeCyNw==}
    engines: {node: '>= 12.0.0'}
    cpu: [x64]
    os: [win32]
    requiresBuild: true
    dev: false
    optional: true

  /lightningcss/1.18.0:
    resolution: {integrity: sha512-uk10tNxi5fhZqU93vtYiQgx/8a9f0Kvtj5AXIm+VlOXY+t/DWDmCZWJEkZJmmALgvbS6aAW8or+Kq85eJ6TDTw==}
    engines: {node: '>= 12.0.0'}
    dependencies:
      detect-libc: 1.0.3
    optionalDependencies:
      lightningcss-darwin-arm64: 1.18.0
      lightningcss-darwin-x64: 1.18.0
      lightningcss-linux-arm-gnueabihf: 1.18.0
      lightningcss-linux-arm64-gnu: 1.18.0
      lightningcss-linux-arm64-musl: 1.18.0
      lightningcss-linux-x64-gnu: 1.18.0
      lightningcss-linux-x64-musl: 1.18.0
      lightningcss-win32-x64-msvc: 1.18.0
    dev: false

  /loader-utils/3.2.1:
    resolution: {integrity: sha512-ZvFw1KWS3GVyYBYb7qkmRM/WwL2TQQBxgCK62rlvm4WpVQ23Nb4tYjApUlfjrEGvOs7KHEsmyUn75OHZrJMWPw==}
    engines: {node: '>= 12.13.0'}
    dev: false

  /lodash.camelcase/4.3.0:
    resolution: {integrity: sha512-TwuEnCnxbc3rAvhf/LbG7tJUDzhqXyFnv3dtzLOPgCG/hODL7WFnsbwktkD7yUV0RrreP/l1PALq/YSg6VvjlA==}
    dev: false

  /minimatch/5.1.6:
    resolution: {integrity: sha512-lKwV/1brpG6mBUFHtb7NUmtABCb2WZZmm2wNiOA5hAb8VdCS4B3dtMWyvcoViccwAW/COERjXLt0zP1zXUN26g==}
    engines: {node: '>=10'}
    dependencies:
      brace-expansion: 2.0.1
    dev: false

  /nanoid/3.3.4:
    resolution: {integrity: sha512-MqBkQh/OHTS2egovRtLk45wEyNXwF+cokD+1YPf9u5VfJiRdAiRwB2froX5Co9Rh20xs4siNPm8naNotSD6RBw==}
    engines: {node: ^10 || ^12 || ^13.7 || ^14 || >=15.0.1}
    hasBin: true
    dev: false

  /once/1.4.0:
    resolution: {integrity: sha512-lNaJgI+2Q5URQBkccEKHTQOPaXdUxnZZElQTZY0MFUAuaEqe1E+Nyvgdz/aIyNi6Z9MzO5dv1H8n58/GELp3+w==}
    dependencies:
      wrappy: 1.0.2
    dev: false

  /picocolors/1.0.0:
    resolution: {integrity: sha512-1fygroTLlHu66zi26VoTDv8yRgm0Fccecssto+MhsZ0D/DGW2sm8E8AjW7NU5VVTRt5GxbeZ5qBuJr+HyLYkjQ==}
    dev: false

  /postcss-modules-extract-imports/3.0.0_postcss@8.4.21:
    resolution: {integrity: sha512-bdHleFnP3kZ4NYDhuGlVK+CMrQ/pqUm8bx/oGL93K6gVwiclvX5x0n76fYMKuIGKzlABOy13zsvqjb0f92TEXw==}
    engines: {node: ^10 || ^12 || >= 14}
    peerDependencies:
      postcss: ^8.1.0
    dependencies:
      postcss: 8.4.21
    dev: false

  /postcss-modules-local-by-default/4.0.0_postcss@8.4.21:
    resolution: {integrity: sha512-sT7ihtmGSF9yhm6ggikHdV0hlziDTX7oFoXtuVWeDd3hHObNkcHRo9V3yg7vCAY7cONyxJC/XXCmmiHHcvX7bQ==}
    engines: {node: ^10 || ^12 || >= 14}
    peerDependencies:
      postcss: ^8.1.0
    dependencies:
      icss-utils: 5.1.0_postcss@8.4.21
      postcss: 8.4.21
      postcss-selector-parser: 6.0.11
      postcss-value-parser: 4.2.0
    dev: false

  /postcss-modules-scope/3.0.0_postcss@8.4.21:
    resolution: {integrity: sha512-hncihwFA2yPath8oZ15PZqvWGkWf+XUfQgUGamS4LqoP1anQLOsOJw0vr7J7IwLpoY9fatA2qiGUGmuZL0Iqlg==}
    engines: {node: ^10 || ^12 || >= 14}
    peerDependencies:
      postcss: ^8.1.0
    dependencies:
      postcss: 8.4.21
      postcss-selector-parser: 6.0.11
    dev: false

  /postcss-modules-values/4.0.0_postcss@8.4.21:
    resolution: {integrity: sha512-RDxHkAiEGI78gS2ofyvCsu7iycRv7oqw5xMWn9iMoR0N/7mf9D50ecQqUo5BZ9Zh2vH4bCUR/ktCqbB9m8vJjQ==}
    engines: {node: ^10 || ^12 || >= 14}
    peerDependencies:
      postcss: ^8.1.0
    dependencies:
      icss-utils: 5.1.0_postcss@8.4.21
      postcss: 8.4.21
    dev: false

  /postcss-modules/4.3.1_postcss@8.4.21:
    resolution: {integrity: sha512-ItUhSUxBBdNamkT3KzIZwYNNRFKmkJrofvC2nWab3CPKhYBQ1f27XXh1PAPE27Psx58jeelPsxWB/+og+KEH0Q==}
    peerDependencies:
      postcss: ^8.0.0
    dependencies:
      generic-names: 4.0.0
      icss-replace-symbols: 1.1.0
      lodash.camelcase: 4.3.0
      postcss: 8.4.21
      postcss-modules-extract-imports: 3.0.0_postcss@8.4.21
      postcss-modules-local-by-default: 4.0.0_postcss@8.4.21
      postcss-modules-scope: 3.0.0_postcss@8.4.21
      postcss-modules-values: 4.0.0_postcss@8.4.21
      string-hash: 1.1.3
    dev: false

  /postcss-selector-parser/6.0.11:
    resolution: {integrity: sha512-zbARubNdogI9j7WY4nQJBiNqQf3sLS3wCP4WfOidu+p28LofJqDH1tcXypGrcmMHhDk2t9wGhCsYe/+szLTy1g==}
    engines: {node: '>=4'}
    dependencies:
      cssesc: 3.0.0
      util-deprecate: 1.0.2
    dev: false

  /postcss-value-parser/4.2.0:
    resolution: {integrity: sha512-1NNCs6uurfkVbeXG4S8JFT9t19m45ICnif8zWLd5oPSZ50QnwMfK+H3jv408d4jw/7Bttv5axS5IiHoLaVNHeQ==}
    dev: false

  /postcss/8.4.21:
    resolution: {integrity: sha512-tP7u/Sn/dVxK2NnruI4H9BG+x+Wxz6oeZ1cJ8P6G/PZY0IKk4k/63TDsQf2kQq3+qoJeLm2kIBUNlZe3zgb4Zg==}
    engines: {node: ^10 || ^12 || >=14}
    dependencies:
      nanoid: 3.3.4
      picocolors: 1.0.0
      source-map-js: 1.0.2
    dev: false

  /source-map-js/1.0.2:
    resolution: {integrity: sha512-R0XvVJ9WusLiqTCEiGCmICCMplcCkIwwR11mOSD9CR5u+IXYdiseeEuXCVAjS54zqwkLcPNnmU4OeJ6tUrWhDw==}
    engines: {node: '>=0.10.0'}
    dev: false

  /string-hash/1.1.3:
    resolution: {integrity: sha512-kJUvRUFK49aub+a7T1nNE66EJbZBMnBgoC1UbCZ5n6bsZKBRga4KgBRTMn/pFkeCZSYtNeSyMxPDM0AXWELk2A==}
    dev: false

  /util-deprecate/1.0.2:
    resolution: {integrity: sha512-EPD5q1uXyFxJpCrLnCc1nHnq3gOa6DZBocAIiI2TaSCA7VCJ1UJDMagCzIkXNsUYfD1daK//LTEQ8xiIbrHtcw==}
    dev: false

  /wrappy/1.0.2:
    resolution: {integrity: sha512-l4Sp/DRseor9wL6EvV2+TuQn63dMkPjZ/sp9XkghTEbV9KlPS1xUsZ3u7/IQO4wxtcFB4bgpQPRcR3QCvezPcQ==}
    dev: false
